// !$*UTF8*$!
{
	archiveVersion = 1;
	classes = {
	};
	objectVersion = 50;
	objects = {

/* Begin PBXBuildFile section */
		5194085CBDBCF44243753221 /* libPods-testRQCodeTests.a in Frameworks */ = {isa = PBXBuildFile; fileRef = 7A87DCA94627290DAB9C5DB5 /* libPods-testRQCodeTests.a */; };
		D70EEB0320DCE62F00159903 /* CYScanView.m in Sources */ = {isa = PBXBuildFile; fileRef = D70EEB0220DCE62F00159903 /* CYScanView.m */; };
		D70EEB0A20DCEA0F00159903 /* CYCreateQRCodeViewController.m in Sources */ = {isa = PBXBuildFile; fileRef = D70EEB0920DCEA0F00159903 /* CYCreateQRCodeViewController.m */; };
		D70EEB0D20DCEC1500159903 /* CYCreateQRCodeContentView.m in Sources */ = {isa = PBXBuildFile; fileRef = D70EEB0C20DCEC1500159903 /* CYCreateQRCodeContentView.m */; };
		D754EA2B20DC9E1300C60896 /* AppDelegate.m in Sources */ = {isa = PBXBuildFile; fileRef = D754EA2A20DC9E1300C60896 /* AppDelegate.m */; };
		D754EA2E20DC9E1300C60896 /* ViewController.m in Sources */ = {isa = PBXBuildFile; fileRef = D754EA2D20DC9E1300C60896 /* ViewController.m */; };
		D754EA3120DC9E1300C60896 /* Main.storyboard in Resources */ = {isa = PBXBuildFile; fileRef = D754EA2F20DC9E1300C60896 /* Main.storyboard */; };
		D754EA3320DC9E1500C60896 /* Assets.xcassets in Resources */ = {isa = PBXBuildFile; fileRef = D754EA3220DC9E1500C60896 /* Assets.xcassets */; };
		D754EA3620DC9E1500C60896 /* LaunchScreen.storyboard in Resources */ = {isa = PBXBuildFile; fileRef = D754EA3420DC9E1500C60896 /* LaunchScreen.storyboard */; };
		D754EA3920DC9E1500C60896 /* main.m in Sources */ = {isa = PBXBuildFile; fileRef = D754EA3820DC9E1500C60896 /* main.m */; };
		D754EA4320DC9E1500C60896 /* testRQCodeTests.m in Sources */ = {isa = PBXBuildFile; fileRef = D754EA4220DC9E1500C60896 /* testRQCodeTests.m */; };
		D754EA4E20DC9E1500C60896 /* testRQCodeUITests.m in Sources */ = {isa = PBXBuildFile; fileRef = D754EA4D20DC9E1500C60896 /* testRQCodeUITests.m */; };
		D754EA5D20DCA2D800C60896 /* AVFoundation.framework in Frameworks */ = {isa = PBXBuildFile; fileRef = D754EA5C20DCA2D800C60896 /* AVFoundation.framework */; };
		D754EA6A20DCC85600C60896 /* CYQRCodeViewController.m in Sources */ = {isa = PBXBuildFile; fileRef = D754EA6920DCC85600C60896 /* CYQRCodeViewController.m */; };
		D754EA6D20DCC86F00C60896 /* CYQRCodeContentView.m in Sources */ = {isa = PBXBuildFile; fileRef = D754EA6C20DCC86F00C60896 /* CYQRCodeContentView.m */; };
		D754EA7020DCC87C00C60896 /* CYQRCodeModel.m in Sources */ = {isa = PBXBuildFile; fileRef = D754EA6F20DCC87C00C60896 /* CYQRCodeModel.m */; };
		D754EA7320DCC88C00C60896 /* CYQRCodeManager.m in Sources */ = {isa = PBXBuildFile; fileRef = D754EA7220DCC88C00C60896 /* CYQRCodeManager.m */; };
		D77D558420ECC4C700A4E970 /* CYBaseNavigationViewController.m in Sources */ = {isa = PBXBuildFile; fileRef = D77D558320ECC4C700A4E970 /* CYBaseNavigationViewController.m */; };
		D77D558A20EF3E0400A4E970 /* scanFinished.mp3 in Resources */ = {isa = PBXBuildFile; fileRef = D77D558920EF3E0400A4E970 /* scanFinished.mp3 */; };
		D7871BCC20E61A1E00C72DF6 /* CYTempViewController.m in Sources */ = {isa = PBXBuildFile; fileRef = D7871BCB20E61A1E00C72DF6 /* CYTempViewController.m */; };
		D7871BD020E6212500C72DF6 /* scanFlashlight@2x.png in Resources */ = {isa = PBXBuildFile; fileRef = D7871BCD20E6212500C72DF6 /* scanFlashlight@2x.png */; };
		D7871BD120E6212500C72DF6 /* scanLine@2x.png in Resources */ = {isa = PBXBuildFile; fileRef = D7871BCE20E6212500C72DF6 /* scanLine@2x.png */; };
		D7871BD220E6212500C72DF6 /* scanFlashlight@3x.png in Resources */ = {isa = PBXBuildFile; fileRef = D7871BCF20E6212500C72DF6 /* scanFlashlight@3x.png */; };
		D7871BD620E6219900C72DF6 /* qrCode_bg.png in Resources */ = {isa = PBXBuildFile; fileRef = D7871BD520E6219900C72DF6 /* qrCode_bg.png */; };
		D8046AEBDC39E34B78208C2C /* libPods-testRQCodeUITests.a in Frameworks */ = {isa = PBXBuildFile; fileRef = C8F26386AC3EC1415EFA9A93 /* libPods-testRQCodeUITests.a */; };
		EAE1BA5A9E28E78354CB49CC /* libPods-testRQCode.a in Frameworks */ = {isa = PBXBuildFile; fileRef = D219998DF941652708FD5E8D /* libPods-testRQCode.a */; };
/* End PBXBuildFile section */

/* Begin PBXContainerItemProxy section */
		D754EA3F20DC9E1500C60896 /* PBXContainerItemProxy */ = {
			isa = PBXContainerItemProxy;
			containerPortal = D754EA1E20DC9E1300C60896 /* Project object */;
			proxyType = 1;
			remoteGlobalIDString = D754EA2520DC9E1300C60896;
			remoteInfo = testRQCode;
		};
		D754EA4A20DC9E1500C60896 /* PBXContainerItemProxy */ = {
			isa = PBXContainerItemProxy;
			containerPortal = D754EA1E20DC9E1300C60896 /* Project object */;
			proxyType = 1;
			remoteGlobalIDString = D754EA2520DC9E1300C60896;
			remoteInfo = testRQCode;
		};
/* End PBXContainerItemProxy section */

/* Begin PBXFileReference section */
		5F1ECFCE3CF3C38C0140565D /* Pods-testRQCode.release.xcconfig */ = {isa = PBXFileReference; includeInIndex = 1; lastKnownFileType = text.xcconfig; name = "Pods-testRQCode.release.xcconfig"; path = "Pods/Target Support Files/Pods-testRQCode/Pods-testRQCode.release.xcconfig"; sourceTree = "<group>"; };
		765069902A2767A84ADAB585 /* Pods-testRQCodeUITests.release.xcconfig */ = {isa = PBXFileReference; includeInIndex = 1; lastKnownFileType = text.xcconfig; name = "Pods-testRQCodeUITests.release.xcconfig"; path = "Pods/Target Support Files/Pods-testRQCodeUITests/Pods-testRQCodeUITests.release.xcconfig"; sourceTree = "<group>"; };
		7A87DCA94627290DAB9C5DB5 /* libPods-testRQCodeTests.a */ = {isa = PBXFileReference; explicitFileType = archive.ar; includeInIndex = 0; path = "libPods-testRQCodeTests.a"; sourceTree = BUILT_PRODUCTS_DIR; };
		89E22BAC4C438301E4D1E0A0 /* Pods-testRQCodeTests.release.xcconfig */ = {isa = PBXFileReference; includeInIndex = 1; lastKnownFileType = text.xcconfig; name = "Pods-testRQCodeTests.release.xcconfig"; path = "Pods/Target Support Files/Pods-testRQCodeTests/Pods-testRQCodeTests.release.xcconfig"; sourceTree = "<group>"; };
		9B57DC6C3A1697DF77C3A15B /* Pods-testRQCodeUITests.debug.xcconfig */ = {isa = PBXFileReference; includeInIndex = 1; lastKnownFileType = text.xcconfig; name = "Pods-testRQCodeUITests.debug.xcconfig"; path = "Pods/Target Support Files/Pods-testRQCodeUITests/Pods-testRQCodeUITests.debug.xcconfig"; sourceTree = "<group>"; };
		C8F26386AC3EC1415EFA9A93 /* libPods-testRQCodeUITests.a */ = {isa = PBXFileReference; explicitFileType = archive.ar; includeInIndex = 0; path = "libPods-testRQCodeUITests.a"; sourceTree = BUILT_PRODUCTS_DIR; };
		CF4AE834A2A8AE416AE9B443 /* Pods-testRQCodeTests.debug.xcconfig */ = {isa = PBXFileReference; includeInIndex = 1; lastKnownFileType = text.xcconfig; name = "Pods-testRQCodeTests.debug.xcconfig"; path = "Pods/Target Support Files/Pods-testRQCodeTests/Pods-testRQCodeTests.debug.xcconfig"; sourceTree = "<group>"; };
		D1465075B7927B89F043C163 /* Pods-testRQCode.debug.xcconfig */ = {isa = PBXFileReference; includeInIndex = 1; lastKnownFileType = text.xcconfig; name = "Pods-testRQCode.debug.xcconfig"; path = "Pods/Target Support Files/Pods-testRQCode/Pods-testRQCode.debug.xcconfig"; sourceTree = "<group>"; };
		D219998DF941652708FD5E8D /* libPods-testRQCode.a */ = {isa = PBXFileReference; explicitFileType = archive.ar; includeInIndex = 0; path = "libPods-testRQCode.a"; sourceTree = BUILT_PRODUCTS_DIR; };
		D70EEB0120DCE62F00159903 /* CYScanView.h */ = {isa = PBXFileReference; lastKnownFileType = sourcecode.c.h; path = CYScanView.h; sourceTree = "<group>"; };
		D70EEB0220DCE62F00159903 /* CYScanView.m */ = {isa = PBXFileReference; lastKnownFileType = sourcecode.c.objc; path = CYScanView.m; sourceTree = "<group>"; };
		D70EEB0820DCEA0F00159903 /* CYCreateQRCodeViewController.h */ = {isa = PBXFileReference; lastKnownFileType = sourcecode.c.h; path = CYCreateQRCodeViewController.h; sourceTree = "<group>"; };
		D70EEB0920DCEA0F00159903 /* CYCreateQRCodeViewController.m */ = {isa = PBXFileReference; lastKnownFileType = sourcecode.c.objc; path = CYCreateQRCodeViewController.m; sourceTree = "<group>"; };
		D70EEB0B20DCEC1500159903 /* CYCreateQRCodeContentView.h */ = {isa = PBXFileReference; lastKnownFileType = sourcecode.c.h; path = CYCreateQRCodeContentView.h; sourceTree = "<group>"; };
		D70EEB0C20DCEC1500159903 /* CYCreateQRCodeContentView.m */ = {isa = PBXFileReference; lastKnownFileType = sourcecode.c.objc; path = CYCreateQRCodeContentView.m; sourceTree = "<group>"; };
		D754EA2620DC9E1300C60896 /* testRQCode.app */ = {isa = PBXFileReference; explicitFileType = wrapper.application; includeInIndex = 0; path = testRQCode.app; sourceTree = BUILT_PRODUCTS_DIR; };
		D754EA2920DC9E1300C60896 /* AppDelegate.h */ = {isa = PBXFileReference; lastKnownFileType = sourcecode.c.h; path = AppDelegate.h; sourceTree = "<group>"; };
		D754EA2A20DC9E1300C60896 /* AppDelegate.m */ = {isa = PBXFileReference; lastKnownFileType = sourcecode.c.objc; path = AppDelegate.m; sourceTree = "<group>"; };
		D754EA2C20DC9E1300C60896 /* ViewController.h */ = {isa = PBXFileReference; lastKnownFileType = sourcecode.c.h; path = ViewController.h; sourceTree = "<group>"; };
		D754EA2D20DC9E1300C60896 /* ViewController.m */ = {isa = PBXFileReference; lastKnownFileType = sourcecode.c.objc; path = ViewController.m; sourceTree = "<group>"; };
		D754EA3020DC9E1300C60896 /* Base */ = {isa = PBXFileReference; lastKnownFileType = file.storyboard; name = Base; path = Base.lproj/Main.storyboard; sourceTree = "<group>"; };
		D754EA3220DC9E1500C60896 /* Assets.xcassets */ = {isa = PBXFileReference; lastKnownFileType = folder.assetcatalog; path = Assets.xcassets; sourceTree = "<group>"; };
		D754EA3520DC9E1500C60896 /* Base */ = {isa = PBXFileReference; lastKnownFileType = file.storyboard; name = Base; path = Base.lproj/LaunchScreen.storyboard; sourceTree = "<group>"; };
		D754EA3720DC9E1500C60896 /* Info.plist */ = {isa = PBXFileReference; lastKnownFileType = text.plist.xml; path = Info.plist; sourceTree = "<group>"; };
		D754EA3820DC9E1500C60896 /* main.m */ = {isa = PBXFileReference; lastKnownFileType = sourcecode.c.objc; path = main.m; sourceTree = "<group>"; };
		D754EA3E20DC9E1500C60896 /* testRQCodeTests.xctest */ = {isa = PBXFileReference; explicitFileType = wrapper.cfbundle; includeInIndex = 0; path = testRQCodeTests.xctest; sourceTree = BUILT_PRODUCTS_DIR; };
		D754EA4220DC9E1500C60896 /* testRQCodeTests.m */ = {isa = PBXFileReference; lastKnownFileType = sourcecode.c.objc; path = testRQCodeTests.m; sourceTree = "<group>"; };
		D754EA4420DC9E1500C60896 /* Info.plist */ = {isa = PBXFileReference; lastKnownFileType = text.plist.xml; path = Info.plist; sourceTree = "<group>"; };
		D754EA4920DC9E1500C60896 /* testRQCodeUITests.xctest */ = {isa = PBXFileReference; explicitFileType = wrapper.cfbundle; includeInIndex = 0; path = testRQCodeUITests.xctest; sourceTree = BUILT_PRODUCTS_DIR; };
		D754EA4D20DC9E1500C60896 /* testRQCodeUITests.m */ = {isa = PBXFileReference; lastKnownFileType = sourcecode.c.objc; path = testRQCodeUITests.m; sourceTree = "<group>"; };
		D754EA4F20DC9E1500C60896 /* Info.plist */ = {isa = PBXFileReference; lastKnownFileType = text.plist.xml; path = Info.plist; sourceTree = "<group>"; };
		D754EA5C20DCA2D800C60896 /* AVFoundation.framework */ = {isa = PBXFileReference; lastKnownFileType = wrapper.framework; name = AVFoundation.framework; path = System/Library/Frameworks/AVFoundation.framework; sourceTree = SDKROOT; };
		D754EA6820DCC85600C60896 /* CYQRCodeViewController.h */ = {isa = PBXFileReference; lastKnownFileType = sourcecode.c.h; path = CYQRCodeViewController.h; sourceTree = "<group>"; };
		D754EA6920DCC85600C60896 /* CYQRCodeViewController.m */ = {isa = PBXFileReference; lastKnownFileType = sourcecode.c.objc; path = CYQRCodeViewController.m; sourceTree = "<group>"; };
		D754EA6B20DCC86F00C60896 /* CYQRCodeContentView.h */ = {isa = PBXFileReference; lastKnownFileType = sourcecode.c.h; path = CYQRCodeContentView.h; sourceTree = "<group>"; };
		D754EA6C20DCC86F00C60896 /* CYQRCodeContentView.m */ = {isa = PBXFileReference; lastKnownFileType = sourcecode.c.objc; path = CYQRCodeContentView.m; sourceTree = "<group>"; };
		D754EA6E20DCC87C00C60896 /* CYQRCodeModel.h */ = {isa = PBXFileReference; lastKnownFileType = sourcecode.c.h; path = CYQRCodeModel.h; sourceTree = "<group>"; };
		D754EA6F20DCC87C00C60896 /* CYQRCodeModel.m */ = {isa = PBXFileReference; lastKnownFileType = sourcecode.c.objc; path = CYQRCodeModel.m; sourceTree = "<group>"; };
		D754EA7120DCC88C00C60896 /* CYQRCodeManager.h */ = {isa = PBXFileReference; lastKnownFileType = sourcecode.c.h; path = CYQRCodeManager.h; sourceTree = "<group>"; };
		D754EA7220DCC88C00C60896 /* CYQRCodeManager.m */ = {isa = PBXFileReference; lastKnownFileType = sourcecode.c.objc; path = CYQRCodeManager.m; sourceTree = "<group>"; };
		D77D558220ECC4C700A4E970 /* CYBaseNavigationViewController.h */ = {isa = PBXFileReference; lastKnownFileType = sourcecode.c.h; path = CYBaseNavigationViewController.h; sourceTree = "<group>"; };
		D77D558320ECC4C700A4E970 /* CYBaseNavigationViewController.m */ = {isa = PBXFileReference; lastKnownFileType = sourcecode.c.objc; path = CYBaseNavigationViewController.m; sourceTree = "<group>"; };
		D77D558920EF3E0400A4E970 /* scanFinished.mp3 */ = {isa = PBXFileReference; lastKnownFileType = audio.mp3; path = scanFinished.mp3; sourceTree = "<group>"; };
		D7871BCA20E61A1E00C72DF6 /* CYTempViewController.h */ = {isa = PBXFileReference; lastKnownFileType = sourcecode.c.h; path = CYTempViewController.h; sourceTree = "<group>"; };
		D7871BCB20E61A1E00C72DF6 /* CYTempViewController.m */ = {isa = PBXFileReference; lastKnownFileType = sourcecode.c.objc; path = CYTempViewController.m; sourceTree = "<group>"; };
		D7871BCD20E6212500C72DF6 /* scanFlashlight@2x.png */ = {isa = PBXFileReference; lastKnownFileType = image.png; path = "scanFlashlight@2x.png"; sourceTree = "<group>"; };
		D7871BCE20E6212500C72DF6 /* scanLine@2x.png */ = {isa = PBXFileReference; lastKnownFileType = image.png; path = "scanLine@2x.png"; sourceTree = "<group>"; };
		D7871BCF20E6212500C72DF6 /* scanFlashlight@3x.png */ = {isa = PBXFileReference; lastKnownFileType = image.png; path = "scanFlashlight@3x.png"; sourceTree = "<group>"; };
		D7871BD520E6219900C72DF6 /* qrCode_bg.png */ = {isa = PBXFileReference; lastKnownFileType = image.png; path = qrCode_bg.png; sourceTree = "<group>"; };
		D7A399AF20DCD452008010E8 /* CYPrefixHeader.pch */ = {isa = PBXFileReference; lastKnownFileType = sourcecode.c.h; path = CYPrefixHeader.pch; sourceTree = "<group>"; };
		D7A399B820DCDF36008010E8 /* CYMacroHeader.h */ = {isa = PBXFileReference; lastKnownFileType = sourcecode.c.h; path = CYMacroHeader.h; sourceTree = "<group>"; };
/* End PBXFileReference section */

/* Begin PBXFrameworksBuildPhase section */
		D754EA2320DC9E1300C60896 /* Frameworks */ = {
			isa = PBXFrameworksBuildPhase;
			buildActionMask = 2147483647;
			files = (
				D754EA5D20DCA2D800C60896 /* AVFoundation.framework in Frameworks */,
				EAE1BA5A9E28E78354CB49CC /* libPods-testRQCode.a in Frameworks */,
			);
			runOnlyForDeploymentPostprocessing = 0;
		};
		D754EA3B20DC9E1500C60896 /* Frameworks */ = {
			isa = PBXFrameworksBuildPhase;
			buildActionMask = 2147483647;
			files = (
				5194085CBDBCF44243753221 /* libPods-testRQCodeTests.a in Frameworks */,
			);
			runOnlyForDeploymentPostprocessing = 0;
		};
		D754EA4620DC9E1500C60896 /* Frameworks */ = {
			isa = PBXFrameworksBuildPhase;
			buildActionMask = 2147483647;
			files = (
				D8046AEBDC39E34B78208C2C /* libPods-testRQCodeUITests.a in Frameworks */,
			);
			runOnlyForDeploymentPostprocessing = 0;
		};
/* End PBXFrameworksBuildPhase section */

/* Begin PBXGroup section */
		6C8F9B10C404DB4533D83465 /* Pods */ = {
			isa = PBXGroup;
			children = (
				D1465075B7927B89F043C163 /* Pods-testRQCode.debug.xcconfig */,
				5F1ECFCE3CF3C38C0140565D /* Pods-testRQCode.release.xcconfig */,
				CF4AE834A2A8AE416AE9B443 /* Pods-testRQCodeTests.debug.xcconfig */,
				89E22BAC4C438301E4D1E0A0 /* Pods-testRQCodeTests.release.xcconfig */,
				9B57DC6C3A1697DF77C3A15B /* Pods-testRQCodeUITests.debug.xcconfig */,
				765069902A2767A84ADAB585 /* Pods-testRQCodeUITests.release.xcconfig */,
			);
			name = Pods;
			sourceTree = "<group>";
		};
		D700A54F20F30A6A00D9EB25 /* Resource */ = {
			isa = PBXGroup;
			children = (
				D77D558920EF3E0400A4E970 /* scanFinished.mp3 */,
				D7871BD520E6219900C72DF6 /* qrCode_bg.png */,
				D7871BCD20E6212500C72DF6 /* scanFlashlight@2x.png */,
				D7871BCF20E6212500C72DF6 /* scanFlashlight@3x.png */,
				D7871BCE20E6212500C72DF6 /* scanLine@2x.png */,
			);
			path = Resource;
			sourceTree = "<group>";
		};
		D70EEB0420DCE9F200159903 /* CreateQRCodeViewController */ = {
			isa = PBXGroup;
			children = (
				D70EEB0520DCE9F200159903 /* Controller */,
				D70EEB0620DCE9F200159903 /* Model */,
				D70EEB0720DCE9F200159903 /* View */,
			);
			path = CreateQRCodeViewController;
			sourceTree = "<group>";
		};
		D70EEB0520DCE9F200159903 /* Controller */ = {
			isa = PBXGroup;
			children = (
				D70EEB0820DCEA0F00159903 /* CYCreateQRCodeViewController.h */,
				D70EEB0920DCEA0F00159903 /* CYCreateQRCodeViewController.m */,
			);
			path = Controller;
			sourceTree = "<group>";
		};
		D70EEB0620DCE9F200159903 /* Model */ = {
			isa = PBXGroup;
			children = (
			);
			path = Model;
			sourceTree = "<group>";
		};
		D70EEB0720DCE9F200159903 /* View */ = {
			isa = PBXGroup;
			children = (
				D70EEB0B20DCEC1500159903 /* CYCreateQRCodeContentView.h */,
				D70EEB0C20DCEC1500159903 /* CYCreateQRCodeContentView.m */,
			);
			path = View;
			sourceTree = "<group>";
		};
		D754EA1D20DC9E1300C60896 = {
			isa = PBXGroup;
			children = (
				D754EA2820DC9E1300C60896 /* testRQCode */,
				D754EA4120DC9E1500C60896 /* testRQCodeTests */,
				D754EA4C20DC9E1500C60896 /* testRQCodeUITests */,
				D754EA2720DC9E1300C60896 /* Products */,
				D754EA5B20DCA2D800C60896 /* Frameworks */,
				6C8F9B10C404DB4533D83465 /* Pods */,
			);
			sourceTree = "<group>";
		};
		D754EA2720DC9E1300C60896 /* Products */ = {
			isa = PBXGroup;
			children = (
				D754EA2620DC9E1300C60896 /* testRQCode.app */,
				D754EA3E20DC9E1500C60896 /* testRQCodeTests.xctest */,
				D754EA4920DC9E1500C60896 /* testRQCodeUITests.xctest */,
			);
			name = Products;
			sourceTree = "<group>";
		};
		D754EA2820DC9E1300C60896 /* testRQCode */ = {
			isa = PBXGroup;
			children = (
				D754EA2920DC9E1300C60896 /* AppDelegate.h */,
				D754EA2A20DC9E1300C60896 /* AppDelegate.m */,
				D754EA2C20DC9E1300C60896 /* ViewController.h */,
				D754EA2D20DC9E1300C60896 /* ViewController.m */,
				D77D558220ECC4C700A4E970 /* CYBaseNavigationViewController.h */,
				D77D558320ECC4C700A4E970 /* CYBaseNavigationViewController.m */,
				D7871BCA20E61A1E00C72DF6 /* CYTempViewController.h */,
				D7871BCB20E61A1E00C72DF6 /* CYTempViewController.m */,
				D7A399AD20DCD42E008010E8 /* General */,
				D754EA6320DCC84400C60896 /* QRCodeViewController */,
				D754EA2F20DC9E1300C60896 /* Main.storyboard */,
				D754EA3220DC9E1500C60896 /* Assets.xcassets */,
				D754EA3420DC9E1500C60896 /* LaunchScreen.storyboard */,
				D754EA3720DC9E1500C60896 /* Info.plist */,
				D754EA3820DC9E1500C60896 /* main.m */,
			);
			path = testRQCode;
			sourceTree = "<group>";
		};
		D754EA4120DC9E1500C60896 /* testRQCodeTests */ = {
			isa = PBXGroup;
			children = (
				D754EA4220DC9E1500C60896 /* testRQCodeTests.m */,
				D754EA4420DC9E1500C60896 /* Info.plist */,
			);
			path = testRQCodeTests;
			sourceTree = "<group>";
		};
		D754EA4C20DC9E1500C60896 /* testRQCodeUITests */ = {
			isa = PBXGroup;
			children = (
				D754EA4D20DC9E1500C60896 /* testRQCodeUITests.m */,
				D754EA4F20DC9E1500C60896 /* Info.plist */,
			);
			path = testRQCodeUITests;
			sourceTree = "<group>";
		};
		D754EA5B20DCA2D800C60896 /* Frameworks */ = {
			isa = PBXGroup;
			children = (
				D754EA5C20DCA2D800C60896 /* AVFoundation.framework */,
				D219998DF941652708FD5E8D /* libPods-testRQCode.a */,
				7A87DCA94627290DAB9C5DB5 /* libPods-testRQCodeTests.a */,
				C8F26386AC3EC1415EFA9A93 /* libPods-testRQCodeUITests.a */,
			);
			name = Frameworks;
			sourceTree = "<group>";
		};
		D754EA6320DCC84400C60896 /* QRCodeViewController */ = {
			isa = PBXGroup;
			children = (
				D70EEB0420DCE9F200159903 /* CreateQRCodeViewController */,
				D700A54F20F30A6A00D9EB25 /* Resource */,
				D754EA6420DCC84400C60896 /* Controller */,
				D754EA6520DCC84400C60896 /* Manager */,
				D754EA6620DCC84400C60896 /* Model */,
				D754EA6720DCC84400C60896 /* View */,
			);
			path = QRCodeViewController;
			sourceTree = "<group>";
		};
		D754EA6420DCC84400C60896 /* Controller */ = {
			isa = PBXGroup;
			children = (
				D754EA6820DCC85600C60896 /* CYQRCodeViewController.h */,
				D754EA6920DCC85600C60896 /* CYQRCodeViewController.m */,
			);
			path = Controller;
			sourceTree = "<group>";
		};
		D754EA6520DCC84400C60896 /* Manager */ = {
			isa = PBXGroup;
			children = (
				D754EA7120DCC88C00C60896 /* CYQRCodeManager.h */,
				D754EA7220DCC88C00C60896 /* CYQRCodeManager.m */,
			);
			path = Manager;
			sourceTree = "<group>";
		};
		D754EA6620DCC84400C60896 /* Model */ = {
			isa = PBXGroup;
			children = (
				D754EA6E20DCC87C00C60896 /* CYQRCodeModel.h */,
				D754EA6F20DCC87C00C60896 /* CYQRCodeModel.m */,
			);
			path = Model;
			sourceTree = "<group>";
		};
		D754EA6720DCC84400C60896 /* View */ = {
			isa = PBXGroup;
			children = (
				D754EA6B20DCC86F00C60896 /* CYQRCodeContentView.h */,
				D754EA6C20DCC86F00C60896 /* CYQRCodeContentView.m */,
				D70EEB0120DCE62F00159903 /* CYScanView.h */,
				D70EEB0220DCE62F00159903 /* CYScanView.m */,
			);
			path = View;
			sourceTree = "<group>";
		};
		D7A399AD20DCD42E008010E8 /* General */ = {
			isa = PBXGroup;
			children = (
				D7A399AE20DCD42E008010E8 /* Macro */,
			);
			path = General;
			sourceTree = "<group>";
		};
		D7A399AE20DCD42E008010E8 /* Macro */ = {
			isa = PBXGroup;
			children = (
				D7A399AF20DCD452008010E8 /* CYPrefixHeader.pch */,
				D7A399B820DCDF36008010E8 /* CYMacroHeader.h */,
			);
			path = Macro;
			sourceTree = "<group>";
		};
/* End PBXGroup section */

/* Begin PBXNativeTarget section */
		D754EA2520DC9E1300C60896 /* testRQCode */ = {
			isa = PBXNativeTarget;
			buildConfigurationList = D754EA5220DC9E1500C60896 /* Build configuration list for PBXNativeTarget "testRQCode" */;
			buildPhases = (
				73A7A1FF72433C70BF9FFC44 /* [CP] Check Pods Manifest.lock */,
				D754EA2220DC9E1300C60896 /* Sources */,
				D754EA2320DC9E1300C60896 /* Frameworks */,
				D754EA2420DC9E1300C60896 /* Resources */,
				BAE50B71E4A1C6AA5995A375 /* [CP] Copy Pods Resources */,
			);
			buildRules = (
			);
			dependencies = (
			);
			name = testRQCode;
			productName = testRQCode;
			productReference = D754EA2620DC9E1300C60896 /* testRQCode.app */;
			productType = "com.apple.product-type.application";
		};
		D754EA3D20DC9E1500C60896 /* testRQCodeTests */ = {
			isa = PBXNativeTarget;
			buildConfigurationList = D754EA5520DC9E1500C60896 /* Build configuration list for PBXNativeTarget "testRQCodeTests" */;
			buildPhases = (
				A789D404BCC0439C3C5311A4 /* [CP] Check Pods Manifest.lock */,
				D754EA3A20DC9E1500C60896 /* Sources */,
				D754EA3B20DC9E1500C60896 /* Frameworks */,
				D754EA3C20DC9E1500C60896 /* Resources */,
			);
			buildRules = (
			);
			dependencies = (
				D754EA4020DC9E1500C60896 /* PBXTargetDependency */,
			);
			name = testRQCodeTests;
			productName = testRQCodeTests;
			productReference = D754EA3E20DC9E1500C60896 /* testRQCodeTests.xctest */;
			productType = "com.apple.product-type.bundle.unit-test";
		};
		D754EA4820DC9E1500C60896 /* testRQCodeUITests */ = {
			isa = PBXNativeTarget;
			buildConfigurationList = D754EA5820DC9E1500C60896 /* Build configuration list for PBXNativeTarget "testRQCodeUITests" */;
			buildPhases = (
				81286D5762E0B90D133FCCB9 /* [CP] Check Pods Manifest.lock */,
				D754EA4520DC9E1500C60896 /* Sources */,
				D754EA4620DC9E1500C60896 /* Frameworks */,
				D754EA4720DC9E1500C60896 /* Resources */,
			);
			buildRules = (
			);
			dependencies = (
				D754EA4B20DC9E1500C60896 /* PBXTargetDependency */,
			);
			name = testRQCodeUITests;
			productName = testRQCodeUITests;
			productReference = D754EA4920DC9E1500C60896 /* testRQCodeUITests.xctest */;
			productType = "com.apple.product-type.bundle.ui-testing";
		};
/* End PBXNativeTarget section */

/* Begin PBXProject section */
		D754EA1E20DC9E1300C60896 /* Project object */ = {
			isa = PBXProject;
			attributes = {
				LastUpgradeCheck = 0940;
				ORGANIZATIONNAME = dev;
				TargetAttributes = {
					D754EA2520DC9E1300C60896 = {
						CreatedOnToolsVersion = 9.4.1;
					};
					D754EA3D20DC9E1500C60896 = {
						CreatedOnToolsVersion = 9.4.1;
						TestTargetID = D754EA2520DC9E1300C60896;
					};
					D754EA4820DC9E1500C60896 = {
						CreatedOnToolsVersion = 9.4.1;
						TestTargetID = D754EA2520DC9E1300C60896;
					};
				};
			};
			buildConfigurationList = D754EA2120DC9E1300C60896 /* Build configuration list for PBXProject "testRQCode" */;
			compatibilityVersion = "Xcode 9.3";
			developmentRegion = en;
			hasScannedForEncodings = 0;
			knownRegions = (
				en,
				Base,
			);
			mainGroup = D754EA1D20DC9E1300C60896;
			productRefGroup = D754EA2720DC9E1300C60896 /* Products */;
			projectDirPath = "";
			projectRoot = "";
			targets = (
				D754EA2520DC9E1300C60896 /* testRQCode */,
				D754EA3D20DC9E1500C60896 /* testRQCodeTests */,
				D754EA4820DC9E1500C60896 /* testRQCodeUITests */,
			);
		};
/* End PBXProject section */

/* Begin PBXResourcesBuildPhase section */
		D754EA2420DC9E1300C60896 /* Resources */ = {
			isa = PBXResourcesBuildPhase;
			buildActionMask = 2147483647;
			files = (
				D754EA3620DC9E1500C60896 /* LaunchScreen.storyboard in Resources */,
				D7871BD020E6212500C72DF6 /* scanFlashlight@2x.png in Resources */,
				D7871BD220E6212500C72DF6 /* scanFlashlight@3x.png in Resources */,
				D754EA3320DC9E1500C60896 /* Assets.xcassets in Resources */,
				D7871BD120E6212500C72DF6 /* scanLine@2x.png in Resources */,
				D77D558A20EF3E0400A4E970 /* scanFinished.mp3 in Resources */,
				D7871BD620E6219900C72DF6 /* qrCode_bg.png in Resources */,
				D754EA3120DC9E1300C60896 /* Main.storyboard in Resources */,
			);
			runOnlyForDeploymentPostprocessing = 0;
		};
		D754EA3C20DC9E1500C60896 /* Resources */ = {
			isa = PBXResourcesBuildPhase;
			buildActionMask = 2147483647;
			files = (
			);
			runOnlyForDeploymentPostprocessing = 0;
		};
		D754EA4720DC9E1500C60896 /* Resources */ = {
			isa = PBXResourcesBuildPhase;
			buildActionMask = 2147483647;
			files = (
			);
			runOnlyForDeploymentPostprocessing = 0;
		};
/* End PBXResourcesBuildPhase section */

/* Begin PBXShellScriptBuildPhase section */
		73A7A1FF72433C70BF9FFC44 /* [CP] Check Pods Manifest.lock */ = {
			isa = PBXShellScriptBuildPhase;
			buildActionMask = 2147483647;
			files = (
			);
			inputPaths = (
				"${PODS_PODFILE_DIR_PATH}/Podfile.lock",
				"${PODS_ROOT}/Manifest.lock",
			);
			name = "[CP] Check Pods Manifest.lock";
			outputPaths = (
				"$(DERIVED_FILE_DIR)/Pods-testRQCode-checkManifestLockResult.txt",
			);
			runOnlyForDeploymentPostprocessing = 0;
			shellPath = /bin/sh;
			shellScript = "diff \"${PODS_PODFILE_DIR_PATH}/Podfile.lock\" \"${PODS_ROOT}/Manifest.lock\" > /dev/null\nif [ $? != 0 ] ; then\n    # print error to STDERR\n    echo \"error: The sandbox is not in sync with the Podfile.lock. Run 'pod install' or update your CocoaPods installation.\" >&2\n    exit 1\nfi\n# This output is used by Xcode 'outputs' to avoid re-running this script phase.\necho \"SUCCESS\" > \"${SCRIPT_OUTPUT_FILE_0}\"\n";
			showEnvVarsInLog = 0;
		};
		81286D5762E0B90D133FCCB9 /* [CP] Check Pods Manifest.lock */ = {
			isa = PBXShellScriptBuildPhase;
			buildActionMask = 2147483647;
			files = (
			);
			inputPaths = (
				"${PODS_PODFILE_DIR_PATH}/Podfile.lock",
				"${PODS_ROOT}/Manifest.lock",
			);
			name = "[CP] Check Pods Manifest.lock";
			outputPaths = (
				"$(DERIVED_FILE_DIR)/Pods-testRQCodeUITests-checkManifestLockResult.txt",
			);
			runOnlyForDeploymentPostprocessing = 0;
			shellPath = /bin/sh;
			shellScript = "diff \"${PODS_PODFILE_DIR_PATH}/Podfile.lock\" \"${PODS_ROOT}/Manifest.lock\" > /dev/null\nif [ $? != 0 ] ; then\n    # print error to STDERR\n    echo \"error: The sandbox is not in sync with the Podfile.lock. Run 'pod install' or update your CocoaPods installation.\" >&2\n    exit 1\nfi\n# This output is used by Xcode 'outputs' to avoid re-running this script phase.\necho \"SUCCESS\" > \"${SCRIPT_OUTPUT_FILE_0}\"\n";
			showEnvVarsInLog = 0;
		};
		A789D404BCC0439C3C5311A4 /* [CP] Check Pods Manifest.lock */ = {
			isa = PBXShellScriptBuildPhase;
			buildActionMask = 2147483647;
			files = (
			);
			inputPaths = (
				"${PODS_PODFILE_DIR_PATH}/Podfile.lock",
				"${PODS_ROOT}/Manifest.lock",
			);
			name = "[CP] Check Pods Manifest.lock";
			outputPaths = (
				"$(DERIVED_FILE_DIR)/Pods-testRQCodeTests-checkManifestLockResult.txt",
			);
			runOnlyForDeploymentPostprocessing = 0;
			shellPath = /bin/sh;
			shellScript = "diff \"${PODS_PODFILE_DIR_PATH}/Podfile.lock\" \"${PODS_ROOT}/Manifest.lock\" > /dev/null\nif [ $? != 0 ] ; then\n    # print error to STDERR\n    echo \"error: The sandbox is not in sync with the Podfile.lock. Run 'pod install' or update your CocoaPods installation.\" >&2\n    exit 1\nfi\n# This output is used by Xcode 'outputs' to avoid re-running this script phase.\necho \"SUCCESS\" > \"${SCRIPT_OUTPUT_FILE_0}\"\n";
			showEnvVarsInLog = 0;
		};
		BAE50B71E4A1C6AA5995A375 /* [CP] Copy Pods Resources */ = {
			isa = PBXShellScriptBuildPhase;
			buildActionMask = 2147483647;
			files = (
			);
			inputPaths = (
				"${SRCROOT}/Pods/Target Support Files/Pods-testRQCode/Pods-testRQCode-resources.sh",
				"${PODS_ROOT}/MJRefresh/MJRefresh/MJRefresh.bundle",
			);
			name = "[CP] Copy Pods Resources";
			outputPaths = (
				"${TARGET_BUILD_DIR}/${UNLOCALIZED_RESOURCES_FOLDER_PATH}/MJRefresh.bundle",
			);
			runOnlyForDeploymentPostprocessing = 0;
			shellPath = /bin/sh;
			shellScript = "\"${SRCROOT}/Pods/Target Support Files/Pods-testRQCode/Pods-testRQCode-resources.sh\"\n";
			showEnvVarsInLog = 0;
		};
/* End PBXShellScriptBuildPhase section */

/* Begin PBXSourcesBuildPhase section */
		D754EA2220DC9E1300C60896 /* Sources */ = {
			isa = PBXSourcesBuildPhase;
			buildActionMask = 2147483647;
			files = (
				D754EA6A20DCC85600C60896 /* CYQRCodeViewController.m in Sources */,
				D754EA7320DCC88C00C60896 /* CYQRCodeManager.m in Sources */,
				D754EA2E20DC9E1300C60896 /* ViewController.m in Sources */,
				D70EEB0320DCE62F00159903 /* CYScanView.m in Sources */,
				D7871BCC20E61A1E00C72DF6 /* CYTempViewController.m in Sources */,
				D754EA6D20DCC86F00C60896 /* CYQRCodeContentView.m in Sources */,
				D77D558420ECC4C700A4E970 /* CYBaseNavigationViewController.m in Sources */,
				D70EEB0A20DCEA0F00159903 /* CYCreateQRCodeViewController.m in Sources */,
				D70EEB0D20DCEC1500159903 /* CYCreateQRCodeContentView.m in Sources */,
				D754EA3920DC9E1500C60896 /* main.m in Sources */,
				D754EA2B20DC9E1300C60896 /* AppDelegate.m in Sources */,
				D754EA7020DCC87C00C60896 /* CYQRCodeModel.m in Sources */,
			);
			runOnlyForDeploymentPostprocessing = 0;
		};
		D754EA3A20DC9E1500C60896 /* Sources */ = {
			isa = PBXSourcesBuildPhase;
			buildActionMask = 2147483647;
			files = (
				D754EA4320DC9E1500C60896 /* testRQCodeTests.m in Sources */,
			);
			runOnlyForDeploymentPostprocessing = 0;
		};
		D754EA4520DC9E1500C60896 /* Sources */ = {
			isa = PBXSourcesBuildPhase;
			buildActionMask = 2147483647;
			files = (
				D754EA4E20DC9E1500C60896 /* testRQCodeUITests.m in Sources */,
			);
			runOnlyForDeploymentPostprocessing = 0;
		};
/* End PBXSourcesBuildPhase section */

/* Begin PBXTargetDependency section */
		D754EA4020DC9E1500C60896 /* PBXTargetDependency */ = {
			isa = PBXTargetDependency;
			target = D754EA2520DC9E1300C60896 /* testRQCode */;
			targetProxy = D754EA3F20DC9E1500C60896 /* PBXContainerItemProxy */;
		};
		D754EA4B20DC9E1500C60896 /* PBXTargetDependency */ = {
			isa = PBXTargetDependency;
			target = D754EA2520DC9E1300C60896 /* testRQCode */;
			targetProxy = D754EA4A20DC9E1500C60896 /* PBXContainerItemProxy */;
		};
/* End PBXTargetDependency section */

/* Begin PBXVariantGroup section */
		D754EA2F20DC9E1300C60896 /* Main.storyboard */ = {
			isa = PBXVariantGroup;
			children = (
				D754EA3020DC9E1300C60896 /* Base */,
			);
			name = Main.storyboard;
			sourceTree = "<group>";
		};
		D754EA3420DC9E1500C60896 /* LaunchScreen.storyboard */ = {
			isa = PBXVariantGroup;
			children = (
				D754EA3520DC9E1500C60896 /* Base */,
			);
			name = LaunchScreen.storyboard;
			sourceTree = "<group>";
		};
/* End PBXVariantGroup section */

/* Begin XCBuildConfiguration section */
		D754EA5020DC9E1500C60896 /* Debug */ = {
			isa = XCBuildConfiguration;
			buildSettings = {
				ALWAYS_SEARCH_USER_PATHS = NO;
				CLANG_ANALYZER_NONNULL = YES;
				CLANG_ANALYZER_NUMBER_OBJECT_CONVERSION = YES_AGGRESSIVE;
				CLANG_CXX_LANGUAGE_STANDARD = "gnu++14";
				CLANG_CXX_LIBRARY = "libc++";
				CLANG_ENABLE_MODULES = YES;
				CLANG_ENABLE_OBJC_ARC = YES;
				CLANG_ENABLE_OBJC_WEAK = YES;
				CLANG_WARN_BLOCK_CAPTURE_AUTORELEASING = YES;
				CLANG_WARN_BOOL_CONVERSION = YES;
				CLANG_WARN_COMMA = YES;
				CLANG_WARN_CONSTANT_CONVERSION = YES;
				CLANG_WARN_DEPRECATED_OBJC_IMPLEMENTATIONS = YES;
				CLANG_WARN_DIRECT_OBJC_ISA_USAGE = YES_ERROR;
				CLANG_WARN_DOCUMENTATION_COMMENTS = YES;
				CLANG_WARN_EMPTY_BODY = YES;
				CLANG_WARN_ENUM_CONVERSION = YES;
				CLANG_WARN_INFINITE_RECURSION = YES;
				CLANG_WARN_INT_CONVERSION = YES;
				CLANG_WARN_NON_LITERAL_NULL_CONVERSION = YES;
				CLANG_WARN_OBJC_IMPLICIT_RETAIN_SELF = YES;
				CLANG_WARN_OBJC_LITERAL_CONVERSION = YES;
				CLANG_WARN_OBJC_ROOT_CLASS = YES_ERROR;
				CLANG_WARN_RANGE_LOOP_ANALYSIS = YES;
				CLANG_WARN_STRICT_PROTOTYPES = YES;
				CLANG_WARN_SUSPICIOUS_MOVE = YES;
				CLANG_WARN_UNGUARDED_AVAILABILITY = YES_AGGRESSIVE;
				CLANG_WARN_UNREACHABLE_CODE = YES;
				CLANG_WARN__DUPLICATE_METHOD_MATCH = YES;
				CODE_SIGN_IDENTITY = "iPhone Developer";
				COPY_PHASE_STRIP = NO;
				DEBUG_INFORMATION_FORMAT = dwarf;
				ENABLE_STRICT_OBJC_MSGSEND = YES;
				ENABLE_TESTABILITY = YES;
				GCC_C_LANGUAGE_STANDARD = gnu11;
				GCC_DYNAMIC_NO_PIC = NO;
				GCC_NO_COMMON_BLOCKS = YES;
				GCC_OPTIMIZATION_LEVEL = 0;
				GCC_PREPROCESSOR_DEFINITIONS = (
					"DEBUG=1",
					"$(inherited)",
				);
				GCC_WARN_64_TO_32_BIT_CONVERSION = YES;
				GCC_WARN_ABOUT_RETURN_TYPE = YES_ERROR;
				GCC_WARN_UNDECLARED_SELECTOR = YES;
				GCC_WARN_UNINITIALIZED_AUTOS = YES_AGGRESSIVE;
				GCC_WARN_UNUSED_FUNCTION = YES;
				GCC_WARN_UNUSED_VARIABLE = YES;
				IPHONEOS_DEPLOYMENT_TARGET = 11.4;
				MTL_ENABLE_DEBUG_INFO = YES;
				ONLY_ACTIVE_ARCH = YES;
				SDKROOT = iphoneos;
			};
			name = Debug;
		};
		D754EA5120DC9E1500C60896 /* Release */ = {
			isa = XCBuildConfiguration;
			buildSettings = {
				ALWAYS_SEARCH_USER_PATHS = NO;
				CLANG_ANALYZER_NONNULL = YES;
				CLANG_ANALYZER_NUMBER_OBJECT_CONVERSION = YES_AGGRESSIVE;
				CLANG_CXX_LANGUAGE_STANDARD = "gnu++14";
				CLANG_CXX_LIBRARY = "libc++";
				CLANG_ENABLE_MODULES = YES;
				CLANG_ENABLE_OBJC_ARC = YES;
				CLANG_ENABLE_OBJC_WEAK = YES;
				CLANG_WARN_BLOCK_CAPTURE_AUTORELEASING = YES;
				CLANG_WARN_BOOL_CONVERSION = YES;
				CLANG_WARN_COMMA = YES;
				CLANG_WARN_CONSTANT_CONVERSION = YES;
				CLANG_WARN_DEPRECATED_OBJC_IMPLEMENTATIONS = YES;
				CLANG_WARN_DIRECT_OBJC_ISA_USAGE = YES_ERROR;
				CLANG_WARN_DOCUMENTATION_COMMENTS = YES;
				CLANG_WARN_EMPTY_BODY = YES;
				CLANG_WARN_ENUM_CONVERSION = YES;
				CLANG_WARN_INFINITE_RECURSION = YES;
				CLANG_WARN_INT_CONVERSION = YES;
				CLANG_WARN_NON_LITERAL_NULL_CONVERSION = YES;
				CLANG_WARN_OBJC_IMPLICIT_RETAIN_SELF = YES;
				CLANG_WARN_OBJC_LITERAL_CONVERSION = YES;
				CLANG_WARN_OBJC_ROOT_CLASS = YES_ERROR;
				CLANG_WARN_RANGE_LOOP_ANALYSIS = YES;
				CLANG_WARN_STRICT_PROTOTYPES = YES;
				CLANG_WARN_SUSPICIOUS_MOVE = YES;
				CLANG_WARN_UNGUARDED_AVAILABILITY = YES_AGGRESSIVE;
				CLANG_WARN_UNREACHABLE_CODE = YES;
				CLANG_WARN__DUPLICATE_METHOD_MATCH = YES;
				CODE_SIGN_IDENTITY = "iPhone Developer";
				COPY_PHASE_STRIP = NO;
				DEBUG_INFORMATION_FORMAT = "dwarf-with-dsym";
				ENABLE_NS_ASSERTIONS = NO;
				ENABLE_STRICT_OBJC_MSGSEND = YES;
				GCC_C_LANGUAGE_STANDARD = gnu11;
				GCC_NO_COMMON_BLOCKS = YES;
				GCC_WARN_64_TO_32_BIT_CONVERSION = YES;
				GCC_WARN_ABOUT_RETURN_TYPE = YES_ERROR;
				GCC_WARN_UNDECLARED_SELECTOR = YES;
				GCC_WARN_UNINITIALIZED_AUTOS = YES_AGGRESSIVE;
				GCC_WARN_UNUSED_FUNCTION = YES;
				GCC_WARN_UNUSED_VARIABLE = YES;
				IPHONEOS_DEPLOYMENT_TARGET = 11.4;
				MTL_ENABLE_DEBUG_INFO = NO;
				SDKROOT = iphoneos;
				VALIDATE_PRODUCT = YES;
			};
			name = Release;
		};
		D754EA5320DC9E1500C60896 /* Debug */ = {
			isa = XCBuildConfiguration;
			baseConfigurationReference = D1465075B7927B89F043C163 /* Pods-testRQCode.debug.xcconfig */;
			buildSettings = {
				ASSETCATALOG_COMPILER_APPICON_NAME = AppIcon;
				CODE_SIGN_STYLE = Automatic;
				DEVELOPMENT_TEAM = H2P9NRNMFJ;
				GCC_PREFIX_HEADER = "$(SRCROOT)/testRQCode/General/Macro/CYPrefixHeader.pch";
				INFOPLIST_FILE = testRQCode/Info.plist;
				IPHONEOS_DEPLOYMENT_TARGET = 8.0;
				LD_RUNPATH_SEARCH_PATHS = (
					"$(inherited)",
					"@executable_path/Frameworks",
				);
				PRODUCT_BUNDLE_IDENTIFIER = jingge.testRQCode;
				PRODUCT_NAME = "$(TARGET_NAME)";
				TARGETED_DEVICE_FAMILY = "1,2";
			};
			name = Debug;
		};
		D754EA5420DC9E1500C60896 /* Release */ = {
			isa = XCBuildConfiguration;
			baseConfigurationReference = 5F1ECFCE3CF3C38C0140565D /* Pods-testRQCode.release.xcconfig */;
			buildSettings = {
				ASSETCATALOG_COMPILER_APPICON_NAME = AppIcon;
				CODE_SIGN_STYLE = Automatic;
				DEVELOPMENT_TEAM = H2P9NRNMFJ;
				GCC_PREFIX_HEADER = "$(SRCROOT)/testRQCode/General/Macro/CYPrefixHeader.pch";
				INFOPLIST_FILE = testRQCode/Info.plist;
				IPHONEOS_DEPLOYMENT_TARGET = 8.0;
				LD_RUNPATH_SEARCH_PATHS = (
					"$(inherited)",
					"@executable_path/Frameworks",
				);
				PRODUCT_BUNDLE_IDENTIFIER = jingge.testRQCode;
				PRODUCT_NAME = "$(TARGET_NAME)";
				TARGETED_DEVICE_FAMILY = "1,2";
			};
			name = Release;
		};
		D754EA5620DC9E1500C60896 /* Debug */ = {
			isa = XCBuildConfiguration;
			baseConfigurationReference = CF4AE834A2A8AE416AE9B443 /* Pods-testRQCodeTests.debug.xcconfig */;
			buildSettings = {
				BUNDLE_LOADER = "$(TEST_HOST)";
				CODE_SIGN_STYLE = Automatic;
				INFOPLIST_FILE = testRQCodeTests/Info.plist;
				LD_RUNPATH_SEARCH_PATHS = (
					"$(inherited)",
					"@executable_path/Frameworks",
					"@loader_path/Frameworks",
				);
				PRODUCT_BUNDLE_IDENTIFIER = jingge.testRQCodeTests;
				PRODUCT_NAME = "$(TARGET_NAME)";
				TARGETED_DEVICE_FAMILY = "1,2";
				TEST_HOST = "$(BUILT_PRODUCTS_DIR)/testRQCode.app/testRQCode";
			};
			name = Debug;
		};
		D754EA5720DC9E1500C60896 /* Release */ = {
			isa = XCBuildConfiguration;
			baseConfigurationReference = 89E22BAC4C438301E4D1E0A0 /* Pods-testRQCodeTests.release.xcconfig */;
			buildSettings = {
				BUNDLE_LOADER = "$(TEST_HOST)";
				CODE_SIGN_STYLE = Automatic;
				INFOPLIST_FILE = testRQCodeTests/Info.plist;
				LD_RUNPATH_SEARCH_PATHS = (
					"$(inherited)",
					"@executable_path/Frameworks",
					"@loader_path/Frameworks",
				);
				PRODUCT_BUNDLE_IDENTIFIER = jingge.testRQCodeTests;
				PRODUCT_NAME = "$(TARGET_NAME)";
				TARGETED_DEVICE_FAMILY = "1,2";
				TEST_HOST = "$(BUILT_PRODUCTS_DIR)/testRQCode.app/testRQCode";
			};
			name = Release;
		};
		D754EA5920DC9E1500C60896 /* Debug */ = {
			isa = XCBuildConfiguration;
			baseConfigurationReference = 9B57DC6C3A1697DF77C3A15B /* Pods-testRQCodeUITests.debug.xcconfig */;
			buildSettings = {
				CODE_SIGN_STYLE = Automatic;
				INFOPLIST_FILE = testRQCodeUITests/Info.plist;
				LD_RUNPATH_SEARCH_PATHS = (
					"$(inherited)",
					"@executable_path/Frameworks",
					"@loader_path/Frameworks",
				);
				PRODUCT_BUNDLE_IDENTIFIER = jingge.testRQCodeUITests;
				PRODUCT_NAME = "$(TARGET_NAME)";
				TARGETED_DEVICE_FAMILY = "1,2";
				TEST_TARGET_NAME = testRQCode;
			};
			name = Debug;
		};
		D754EA5A20DC9E1500C60896 /* Release */ = {
			isa = XCBuildConfiguration;
			baseConfigurationReference = 765069902A2767A84ADAB585 /* Pods-testRQCodeUITests.release.xcconfig */;
			buildSettings = {
				CODE_SIGN_STYLE = Automatic;
				INFOPLIST_FILE = testRQCodeUITests/Info.plist;
				LD_RUNPATH_SEARCH_PATHS = (
					"$(inherited)",
					"@executable_path/Frameworks",
					"@loader_path/Frameworks",
				);
				PRODUCT_BUNDLE_IDENTIFIER = jingge.testRQCodeUITests;
				PRODUCT_NAME = "$(TARGET_NAME)";
				TARGETED_DEVICE_FAMILY = "1,2";
				TEST_TARGET_NAME = testRQCode;
			};
			name = Release;
		};
/* End XCBuildConfiguration section */

/* Begin XCConfigurationList section */
		D754EA2120DC9E1300C60896 /* Build configuration list for PBXProject "testRQCode" */ = {
			isa = XCConfigurationList;
			buildConfigurations = (
				D754EA5020DC9E1500C60896 /* Debug */,
				D754EA5120DC9E1500C60896 /* Release */,
			);
			defaultConfigurationIsVisible = 0;
			defaultConfigurationName = Release;
		};
		D754EA5220DC9E1500C60896 /* Build configuration list for PBXNativeTarget "testRQCode" */ = {
			isa = XCConfigurationList;
			buildConfigurations = (
				D754EA5320DC9E1500C60896 /* Debug */,
				D754EA5420DC9E1500C60896 /* Release */,
			);
			defaultConfigurationIsVisible = 0;
			defaultConfigurationName = Release;
		};
		D754EA5520DC9E1500C60896 /* Build configuration list for PBXNativeTarget "testRQCodeTests" */ = {
			isa = XCConfigurationList;
			buildConfigurations = (
				D754EA5620DC9E1500C60896 /* Debug */,
				D754EA5720DC9E1500C60896 /* Release */,
			);
			defaultConfigurationIsVisible = 0;
			defaultConfigurationName = Release;
		};
		D754EA5820DC9E1500C60896 /* Build configuration list for PBXNativeTarget "testRQCodeUITests" */ = {
			isa = XCConfigurationList;
			buildConfigurations = (
				D754EA5920DC9E1500C60896 /* Debug */,
				D754EA5A20DC9E1500C60896 /* Release */,
			);
			defaultConfigurationIsVisible = 0;
			defaultConfigurationName = Release;
		};
/* End XCConfigurationList section */
	};
	rootObject = D754EA1E20DC9E1300C60896 /* Project object */;
}
